
Microsoft Visual Studio Solution File, Format Version 12.00
# Visual Studio Version 16
VisualStudioVersion = 16.0.28803.202
MinimumVisualStudioVersion = 10.0.40219.1
Project("{FAE04EC0-301F-11D3-BF4B-00C04F79EFBC}") = "bikeHelper.Android", "bikeHelper\bikeHelper.Android\bikeHelper.Android.csproj", "{6F646C42-DBEB-48E4-9DEF-A872440CEC2A}"
EndProject
Project("{FAE04EC0-301F-11D3-BF4B-00C04F79EFBC}") = "bikeHelper.iOS", "bikeHelper\bikeHelper.iOS\bikeHelper.iOS.csproj", "{B516AC80-6FA5-4C3D-A7D3-5ECA5B29714A}"
EndProject
Project("{FAE04EC0-301F-11D3-BF4B-00C04F79EFBC}") = "bikeHelper", "bikeHelper\bikeHelper\bikeHelper.csproj", "{0CADB8F1-043C-454B-A5E6-22F0C21EB314}"
EndProject
Global
	GlobalSection(SolutionConfigurationPlatforms) = preSolution
		Debug|Any CPU = Debug|Any CPU
		Debug|iPhone = Debug|iPhone
		Debug|iPhoneSimulator = Debug|iPhoneSimulator
		Release|Any CPU = Release|Any CPU
		Release|iPhone = Release|iPhone
		Release|iPhoneSimulator = Release|iPhoneSimulator
	EndGlobalSection
	GlobalSection(ProjectConfigurationPlatforms) = postSolution
		{6F646C42-DBEB-48E4-9DEF-A872440CEC2A}.Debug|Any CPU.ActiveCfg = Debug|Any CPU
		{6F646C42-DBEB-48E4-9DEF-A872440CEC2A}.Debug|Any CPU.Build.0 = Debug|Any CPU
		{6F646C42-DBEB-48E4-9DEF-A872440CEC2A}.Debug|Any CPU.Deploy.0 = Debug|Any CPU
		{6F646C42-DBEB-48E4-9DEF-A872440CEC2A}.Debug|iPhone.ActiveCfg = Debug|Any CPU
		{6F646C42-DBEB-48E4-9DEF-A872440CEC2A}.Debug|iPhone.Build.0 = Debug|Any CPU
		{6F646C42-DBEB-48E4-9DEF-A872440CEC2A}.Debug|iPhone.Deploy.0 = Debug|Any CPU
		{6F646C42-DBEB-48E4-9DEF-A872440CEC2A}.Debug|iPhoneSimulator.ActiveCfg = Debug|Any CPU
		{6F646C42-DBEB-48E4-9DEF-A872440CEC2A}.Debug|iPhoneSimulator.Build.0 = Debug|Any CPU
		{6F646C42-DBEB-48E4-9DEF-A872440CEC2A}.Debug|iPhoneSimulator.Deploy.0 = Debug|Any CPU
		{6F646C42-DBEB-48E4-9DEF-A872440CEC2A}.Release|Any CPU.ActiveCfg = Release|Any CPU
		{6F646C42-DBEB-48E4-9DEF-A872440CEC2A}.Release|Any CPU.Build.0 = Release|Any CPU
		{6F646C42-DBEB-48E4-9DEF-A872440CEC2A}.Release|Any CPU.Deploy.0 = Release|Any CPU
		{6F646C42-DBEB-48E4-9DEF-A872440CEC2A}.Release|iPhone.ActiveCfg = Release|Any CPU
		{6F646C42-DBEB-48E4-9DEF-A872440CEC2A}.Release|iPhone.Build.0 = Release|Any CPU
		{6F646C42-DBEB-48E4-9DEF-A872440CEC2A}.Release|iPhone.Deploy.0 = Release|Any CPU
		{6F646C42-DBEB-48E4-9DEF-A872440CEC2A}.Release|iPhoneSimulator.ActiveCfg = Release|Any CPU
		{6F646C42-DBEB-48E4-9DEF-A872440CEC2A}.Release|iPhoneSimulator.Build.0 = Release|Any CPU
		{6F646C42-DBEB-48E4-9DEF-A872440CEC2A}.Release|iPhoneSimulator.Deploy.0 = Release|Any CPU
		{B516AC80-6FA5-4C3D-A7D3-5ECA5B29714A}.Debug|Any CPU.ActiveCfg = Debug|iPhoneSimulator
		{B516AC80-6FA5-4C3D-A7D3-5ECA5B29714A}.Debug|Any CPU.Build.0 = Debug|iPhoneSimulator
		{B516AC80-6FA5-4C3D-A7D3-5ECA5B29714A}.Debug|Any CPU.Deploy.0 = Debug|iPhoneSimulator
		{B516AC80-6FA5-4C3D-A7D3-5ECA5B29714A}.Debug|iPhone.ActiveCfg = Debug|iPhone
		{B516AC80-6FA5-4C3D-A7D3-5ECA5B29714A}.Debug|iPhone.Build.0 = Debug|iPhone
		{B516AC80-6FA5-4C3D-A7D3-5ECA5B29714A}.Debug|iPhone.Deploy.0 = Debug|iPhone
		{B516AC80-6FA5-4C3D-A7D3-5ECA5B29714A}.Debug|iPhoneSimulator.ActiveCfg = Debug|iPhoneSimulator
		{B516AC80-6FA5-4C3D-A7D3-5ECA5B29714A}.Debug|iPhoneSimulator.Build.0 = Debug|iPhoneSimulator
		{B516AC80-6FA5-4C3D-A7D3-5ECA5B29714A}.Debug|iPhoneSimulator.Deploy.0 = Debug|iPhoneSimulator
		{B516AC80-6FA5-4C3D-A7D3-5ECA5B29714A}.Release|Any CPU.ActiveCfg = Release|iPhone
		{B516AC80-6FA5-4C3D-A7D3-5ECA5B29714A}.Release|Any CPU.Build.0 = Release|iPhone
		{B516AC80-6FA5-4C3D-A7D3-5ECA5B29714A}.Release|Any CPU.Deploy.0 = Release|iPhone
		{B516AC80-6FA5-4C3D-A7D3-5ECA5B29714A}.Release|iPhone.ActiveCfg = Release|iPhone
		{B516AC80-6FA5-4C3D-A7D3-5ECA5B29714A}.Release|iPhone.Build.0 = Release|iPhone
		{B516AC80-6FA5-4C3D-A7D3-5ECA5B29714A}.Release|iPhone.Deploy.0 = Release|iPhone
		{B516AC80-6FA5-4C3D-A7D3-5ECA5B29714A}.Release|iPhoneSimulator.ActiveCfg = Release|iPhoneSimulator
		{B516AC80-6FA5-4C3D-A7D3-5ECA5B29714A}.Release|iPhoneSimulator.Build.0 = Release|iPhoneSimulator
		{B516AC80-6FA5-4C3D-A7D3-5ECA5B29714A}.Release|iPhoneSimulator.Deploy.0 = Release|iPhoneSimulator
		{0CADB8F1-043C-454B-A5E6-22F0C21EB314}.Debug|Any CPU.ActiveCfg = Debug|Any CPU
		{0CADB8F1-043C-454B-A5E6-22F0C21EB314}.Debug|Any CPU.Build.0 = Debug|Any CPU
		{0CADB8F1-043C-454B-A5E6-22F0C21EB314}.Debug|Any CPU.Deploy.0 = Debug|Any CPU
		{0CADB8F1-043C-454B-A5E6-22F0C21EB314}.Debug|iPhone.ActiveCfg = Debug|Any CPU
		{0CADB8F1-043C-454B-A5E6-22F0C21EB314}.Debug|iPhone.Build.0 = Debug|Any CPU
		{0CADB8F1-043C-454B-A5E6-22F0C21EB314}.Debug|iPhone.Deploy.0 = Debug|Any CPU
		{0CADB8F1-043C-454B-A5E6-22F0C21EB314}.Debug|iPhoneSimulator.ActiveCfg = Debug|Any CPU
		{0CADB8F1-043C-454B-A5E6-22F0C21EB314}.Debug|iPhoneSimulator.Build.0 = Debug|Any CPU
		{0CADB8F1-043C-454B-A5E6-22F0C21EB314}.Debug|iPhoneSimulator.Deploy.0 = Debug|Any CPU
		{0CADB8F1-043C-454B-A5E6-22F0C21EB314}.Release|Any CPU.ActiveCfg = Release|Any CPU
		{0CADB8F1-043C-454B-A5E6-22F0C21EB314}.Release|Any CPU.Build.0 = Release|Any CPU
		{0CADB8F1-043C-454B-A5E6-22F0C21EB314}.Release|Any CPU.Deploy.0 = Release|Any CPU
		{0CADB8F1-043C-454B-A5E6-22F0C21EB314}.Release|iPhone.ActiveCfg = Release|Any CPU
		{0CADB8F1-043C-454B-A5E6-22F0C21EB314}.Release|iPhone.Build.0 = Release|Any CPU
		{0CADB8F1-043C-454B-A5E6-22F0C21EB314}.Release|iPhone.Deploy.0 = Release|Any CPU
		{0CADB8F1-043C-454B-A5E6-22F0C21EB314}.Release|iPhoneSimulator.ActiveCfg = Release|Any CPU
		{0CADB8F1-043C-454B-A5E6-22F0C21EB314}.Release|iPhoneSimulator.Build.0 = Release|Any CPU
		{0CADB8F1-043C-454B-A5E6-22F0C21EB314}.Release|iPhoneSimulator.Deploy.0 = Release|Any CPU
	EndGlobalSection
	GlobalSection(SolutionProperties) = preSolution
		HideSolutionNode = FALSE
	EndGlobalSection
	GlobalSection(ExtensibilityGlobals) = postSolution
		SolutionGuid = {E8734987-5B41-456F-A112-94E8DE416ABF}
	EndGlobalSection
EndGlobal
