
Microsoft Visual Studio Solution File, Format Version 12.00
# Visual Studio 15
Project("{FAE04EC0-301F-11D3-BF4B-00C04F79EFBC}") = "HeightCalculator.Android", "HeightCalculator.Android\HeightCalculator.Android.csproj", "{150D0903-E7F7-4D59-A455-30162B1CAB06}"
EndProject
Project("{FAE04EC0-301F-11D3-BF4B-00C04F79EFBC}") = "HeightCalculator.iOS", "HeightCalculator.iOS\HeightCalculator.iOS.csproj", "{5AECC7D0-E914-481D-A849-6A660138C21D}"
EndProject
Project("{FAE04EC0-301F-11D3-BF4B-00C04F79EFBC}") = "HeightCalculator", "HeightCalculator\HeightCalculator.csproj", "{77AF4539-5B29-4BA6-92B6-CD768B5C9EA5}"
EndProject
Global
	GlobalSection(SolutionConfigurationPlatforms) = preSolution
		Debug|Any CPU = Debug|Any CPU
		Release|Any CPU = Release|Any CPU
		Debug|iPhoneSimulator = Debug|iPhoneSimulator
		Release|iPhoneSimulator = Release|iPhoneSimulator
		Debug|iPhone = Debug|iPhone
		Release|iPhone = Release|iPhone
	EndGlobalSection
	GlobalSection(ProjectConfigurationPlatforms) = postSolution
		{150D0903-E7F7-4D59-A455-30162B1CAB06}.Debug|Any CPU.ActiveCfg = Debug|Any CPU
		{150D0903-E7F7-4D59-A455-30162B1CAB06}.Debug|Any CPU.Build.0 = Debug|Any CPU
		{150D0903-E7F7-4D59-A455-30162B1CAB06}.Release|Any CPU.ActiveCfg = Release|Any CPU
		{150D0903-E7F7-4D59-A455-30162B1CAB06}.Release|Any CPU.Build.0 = Release|Any CPU
		{150D0903-E7F7-4D59-A455-30162B1CAB06}.Debug|iPhoneSimulator.ActiveCfg = Debug|Any CPU
		{150D0903-E7F7-4D59-A455-30162B1CAB06}.Debug|iPhoneSimulator.Build.0 = Debug|Any CPU
		{150D0903-E7F7-4D59-A455-30162B1CAB06}.Release|iPhoneSimulator.ActiveCfg = Release|Any CPU
		{150D0903-E7F7-4D59-A455-30162B1CAB06}.Release|iPhoneSimulator.Build.0 = Release|Any CPU
		{150D0903-E7F7-4D59-A455-30162B1CAB06}.Debug|iPhone.ActiveCfg = Debug|Any CPU
		{150D0903-E7F7-4D59-A455-30162B1CAB06}.Debug|iPhone.Build.0 = Debug|Any CPU
		{150D0903-E7F7-4D59-A455-30162B1CAB06}.Release|iPhone.ActiveCfg = Release|Any CPU
		{150D0903-E7F7-4D59-A455-30162B1CAB06}.Release|iPhone.Build.0 = Release|Any CPU
		{5AECC7D0-E914-481D-A849-6A660138C21D}.Debug|Any CPU.ActiveCfg = Debug|iPhoneSimulator
		{5AECC7D0-E914-481D-A849-6A660138C21D}.Debug|Any CPU.Build.0 = Debug|iPhoneSimulator
		{5AECC7D0-E914-481D-A849-6A660138C21D}.Release|Any CPU.ActiveCfg = Release|iPhoneSimulator
		{5AECC7D0-E914-481D-A849-6A660138C21D}.Release|Any CPU.Build.0 = Release|iPhoneSimulator
		{5AECC7D0-E914-481D-A849-6A660138C21D}.Debug|iPhoneSimulator.ActiveCfg = Debug|iPhoneSimulator
		{5AECC7D0-E914-481D-A849-6A660138C21D}.Debug|iPhoneSimulator.Build.0 = Debug|iPhoneSimulator
		{5AECC7D0-E914-481D-A849-6A660138C21D}.Release|iPhoneSimulator.ActiveCfg = Release|iPhoneSimulator
		{5AECC7D0-E914-481D-A849-6A660138C21D}.Release|iPhoneSimulator.Build.0 = Release|iPhoneSimulator
		{5AECC7D0-E914-481D-A849-6A660138C21D}.Debug|iPhone.ActiveCfg = Debug|iPhone
		{5AECC7D0-E914-481D-A849-6A660138C21D}.Debug|iPhone.Build.0 = Debug|iPhone
		{5AECC7D0-E914-481D-A849-6A660138C21D}.Release|iPhone.ActiveCfg = Release|iPhone
		{5AECC7D0-E914-481D-A849-6A660138C21D}.Release|iPhone.Build.0 = Release|iPhone
		{77AF4539-5B29-4BA6-92B6-CD768B5C9EA5}.Debug|Any CPU.ActiveCfg = Debug|Any CPU
		{77AF4539-5B29-4BA6-92B6-CD768B5C9EA5}.Debug|Any CPU.Build.0 = Debug|Any CPU
		{77AF4539-5B29-4BA6-92B6-CD768B5C9EA5}.Release|Any CPU.ActiveCfg = Release|Any CPU
		{77AF4539-5B29-4BA6-92B6-CD768B5C9EA5}.Release|Any CPU.Build.0 = Release|Any CPU
		{77AF4539-5B29-4BA6-92B6-CD768B5C9EA5}.Debug|iPhoneSimulator.ActiveCfg = Debug|Any CPU
		{77AF4539-5B29-4BA6-92B6-CD768B5C9EA5}.Debug|iPhoneSimulator.Build.0 = Debug|Any CPU
		{77AF4539-5B29-4BA6-92B6-CD768B5C9EA5}.Release|iPhoneSimulator.ActiveCfg = Release|Any CPU
		{77AF4539-5B29-4BA6-92B6-CD768B5C9EA5}.Release|iPhoneSimulator.Build.0 = Release|Any CPU
		{77AF4539-5B29-4BA6-92B6-CD768B5C9EA5}.Debug|iPhone.ActiveCfg = Debug|Any CPU
		{77AF4539-5B29-4BA6-92B6-CD768B5C9EA5}.Debug|iPhone.Build.0 = Debug|Any CPU
		{77AF4539-5B29-4BA6-92B6-CD768B5C9EA5}.Release|iPhone.ActiveCfg = Release|Any CPU
		{77AF4539-5B29-4BA6-92B6-CD768B5C9EA5}.Release|iPhone.Build.0 = Release|Any CPU
	EndGlobalSection
EndGlobal
